
Microsoft Visual Studio Solution File, Format Version 12.00
# Visual Studio Version 16
VisualStudioVersion = 16.0.30523.141
MinimumVisualStudioVersion = 10.0.40219.1
Project("{9A19103F-16F7-4668-BE54-9A1E7A4F7556}") = "APIGateway", "APIGateway\APIGateway.csproj", "{53BA54FD-24D9-4162-871D-C17F5EB7BD90}"
EndProject
Project("{9A19103F-16F7-4668-BE54-9A1E7A4F7556}") = "AccountManagement.API", "AccountManagement.API\AccountManagement.API.csproj", "{81D861CB-B304-4C65-A953-83BEE6883F8A}"
EndProject
Project("{2150E333-8FDC-42A3-9474-1A3956D46DE8}") = "APIGateway", "APIGateway", "{0C61DA72-71AA-4385-95E1-3EB45ACC469E}"
EndProject
Project("{2150E333-8FDC-42A3-9474-1A3956D46DE8}") = "AccountManagement", "AccountManagement", "{3C2644BB-1D17-4320-B336-605D6CD74A68}"
EndProject
Project("{9A19103F-16F7-4668-BE54-9A1E7A4F7556}") = "AccountManagement.DL", "AccountManagement.DL\AccountManagement.DL.csproj", "{9889E64F-33C9-403D-AC38-AD3F420C5CCC}"
EndProject
Project("{9A19103F-16F7-4668-BE54-9A1E7A4F7556}") = "AccountManagement.BL", "AccountManagement.BL\AccountManagement.BL.csproj", "{3093C4A1-BE93-4F47-828B-4C8BE9D4BA61}"
EndProject
Project("{2150E333-8FDC-42A3-9474-1A3956D46DE8}") = "AirlineService", "AirlineService", "{8426B8D6-12C6-4BB4-864F-9252D307C5E0}"
EndProject
Project("{FAE04EC0-301F-11D3-BF4B-00C04F79EFBC}") = "Airline.API", "Airline.API\Airline.API.csproj", "{C6B01F77-03E9-40FA-974D-1A2278DC10D8}"
EndProject
Project("{FAE04EC0-301F-11D3-BF4B-00C04F79EFBC}") = "Airline.BL", "Airline.BL\Airline.BL.csproj", "{3ECE3A37-006D-4631-9FAB-2DC17CAE7BB0}"
EndProject
Project("{FAE04EC0-301F-11D3-BF4B-00C04F79EFBC}") = "Airline.DL", "Airline.DL\Airline.DL.csproj", "{AAC08BCA-08E4-4519-93C1-7CA93127057D}"
EndProject
Project("{2150E333-8FDC-42A3-9474-1A3956D46DE8}") = "BookingService", "BookingService", "{2E6662A5-E79D-49CC-88F5-C9DFD8B69940}"
EndProject
Project("{FAE04EC0-301F-11D3-BF4B-00C04F79EFBC}") = "Booking.API", "Booking.API\Booking.API.csproj", "{860A17FC-6833-4B79-BFFC-258150A8FE86}"
EndProject
Project("{FAE04EC0-301F-11D3-BF4B-00C04F79EFBC}") = "Booking.BL", "Booking.BL\Booking.BL.csproj", "{734EA3EE-3802-46D6-8939-3D7A34F975C0}"
EndProject
Project("{FAE04EC0-301F-11D3-BF4B-00C04F79EFBC}") = "Booking.DL", "Booking.DL\Booking.DL.csproj", "{921547D8-F8D4-45E5-925F-1EED2029BCBF}"
EndProject
Global
	GlobalSection(SolutionConfigurationPlatforms) = preSolution
		Debug|Any CPU = Debug|Any CPU
		Release|Any CPU = Release|Any CPU
	EndGlobalSection
	GlobalSection(ProjectConfigurationPlatforms) = postSolution
		{53BA54FD-24D9-4162-871D-C17F5EB7BD90}.Debug|Any CPU.ActiveCfg = Debug|Any CPU
		{53BA54FD-24D9-4162-871D-C17F5EB7BD90}.Debug|Any CPU.Build.0 = Debug|Any CPU
		{53BA54FD-24D9-4162-871D-C17F5EB7BD90}.Release|Any CPU.ActiveCfg = Release|Any CPU
		{53BA54FD-24D9-4162-871D-C17F5EB7BD90}.Release|Any CPU.Build.0 = Release|Any CPU
		{81D861CB-B304-4C65-A953-83BEE6883F8A}.Debug|Any CPU.ActiveCfg = Debug|Any CPU
		{81D861CB-B304-4C65-A953-83BEE6883F8A}.Debug|Any CPU.Build.0 = Debug|Any CPU
		{81D861CB-B304-4C65-A953-83BEE6883F8A}.Release|Any CPU.ActiveCfg = Release|Any CPU
		{81D861CB-B304-4C65-A953-83BEE6883F8A}.Release|Any CPU.Build.0 = Release|Any CPU
		{9889E64F-33C9-403D-AC38-AD3F420C5CCC}.Debug|Any CPU.ActiveCfg = Debug|Any CPU
		{9889E64F-33C9-403D-AC38-AD3F420C5CCC}.Debug|Any CPU.Build.0 = Debug|Any CPU
		{9889E64F-33C9-403D-AC38-AD3F420C5CCC}.Release|Any CPU.ActiveCfg = Release|Any CPU
		{9889E64F-33C9-403D-AC38-AD3F420C5CCC}.Release|Any CPU.Build.0 = Release|Any CPU
		{3093C4A1-BE93-4F47-828B-4C8BE9D4BA61}.Debug|Any CPU.ActiveCfg = Debug|Any CPU
		{3093C4A1-BE93-4F47-828B-4C8BE9D4BA61}.Debug|Any CPU.Build.0 = Debug|Any CPU
		{3093C4A1-BE93-4F47-828B-4C8BE9D4BA61}.Release|Any CPU.ActiveCfg = Release|Any CPU
		{3093C4A1-BE93-4F47-828B-4C8BE9D4BA61}.Release|Any CPU.Build.0 = Release|Any CPU
		{C6B01F77-03E9-40FA-974D-1A2278DC10D8}.Debug|Any CPU.ActiveCfg = Debug|Any CPU
		{C6B01F77-03E9-40FA-974D-1A2278DC10D8}.Debug|Any CPU.Build.0 = Debug|Any CPU
		{C6B01F77-03E9-40FA-974D-1A2278DC10D8}.Release|Any CPU.ActiveCfg = Release|Any CPU
		{C6B01F77-03E9-40FA-974D-1A2278DC10D8}.Release|Any CPU.Build.0 = Release|Any CPU
		{3ECE3A37-006D-4631-9FAB-2DC17CAE7BB0}.Debug|Any CPU.ActiveCfg = Debug|Any CPU
		{3ECE3A37-006D-4631-9FAB-2DC17CAE7BB0}.Debug|Any CPU.Build.0 = Debug|Any CPU
		{3ECE3A37-006D-4631-9FAB-2DC17CAE7BB0}.Release|Any CPU.ActiveCfg = Release|Any CPU
		{3ECE3A37-006D-4631-9FAB-2DC17CAE7BB0}.Release|Any CPU.Build.0 = Release|Any CPU
		{AAC08BCA-08E4-4519-93C1-7CA93127057D}.Debug|Any CPU.ActiveCfg = Debug|Any CPU
		{AAC08BCA-08E4-4519-93C1-7CA93127057D}.Debug|Any CPU.Build.0 = Debug|Any CPU
		{AAC08BCA-08E4-4519-93C1-7CA93127057D}.Release|Any CPU.ActiveCfg = Release|Any CPU
		{AAC08BCA-08E4-4519-93C1-7CA93127057D}.Release|Any CPU.Build.0 = Release|Any CPU
		{860A17FC-6833-4B79-BFFC-258150A8FE86}.Debug|Any CPU.ActiveCfg = Debug|Any CPU
		{860A17FC-6833-4B79-BFFC-258150A8FE86}.Debug|Any CPU.Build.0 = Debug|Any CPU
		{860A17FC-6833-4B79-BFFC-258150A8FE86}.Release|Any CPU.ActiveCfg = Release|Any CPU
		{860A17FC-6833-4B79-BFFC-258150A8FE86}.Release|Any CPU.Build.0 = Release|Any CPU
		{734EA3EE-3802-46D6-8939-3D7A34F975C0}.Debug|Any CPU.ActiveCfg = Debug|Any CPU
		{734EA3EE-3802-46D6-8939-3D7A34F975C0}.Debug|Any CPU.Build.0 = Debug|Any CPU
		{734EA3EE-3802-46D6-8939-3D7A34F975C0}.Release|Any CPU.ActiveCfg = Release|Any CPU
		{734EA3EE-3802-46D6-8939-3D7A34F975C0}.Release|Any CPU.Build.0 = Release|Any CPU
		{921547D8-F8D4-45E5-925F-1EED2029BCBF}.Debug|Any CPU.ActiveCfg = Debug|Any CPU
		{921547D8-F8D4-45E5-925F-1EED2029BCBF}.Debug|Any CPU.Build.0 = Debug|Any CPU
		{921547D8-F8D4-45E5-925F-1EED2029BCBF}.Release|Any CPU.ActiveCfg = Release|Any CPU
		{921547D8-F8D4-45E5-925F-1EED2029BCBF}.Release|Any CPU.Build.0 = Release|Any CPU
	EndGlobalSection
	GlobalSection(SolutionProperties) = preSolution
		HideSolutionNode = FALSE
	EndGlobalSection
	GlobalSection(NestedProjects) = preSolution
		{53BA54FD-24D9-4162-871D-C17F5EB7BD90} = {0C61DA72-71AA-4385-95E1-3EB45ACC469E}
		{81D861CB-B304-4C65-A953-83BEE6883F8A} = {3C2644BB-1D17-4320-B336-605D6CD74A68}
		{9889E64F-33C9-403D-AC38-AD3F420C5CCC} = {3C2644BB-1D17-4320-B336-605D6CD74A68}
		{3093C4A1-BE93-4F47-828B-4C8BE9D4BA61} = {3C2644BB-1D17-4320-B336-605D6CD74A68}
		{C6B01F77-03E9-40FA-974D-1A2278DC10D8} = {8426B8D6-12C6-4BB4-864F-9252D307C5E0}
		{3ECE3A37-006D-4631-9FAB-2DC17CAE7BB0} = {8426B8D6-12C6-4BB4-864F-9252D307C5E0}
		{AAC08BCA-08E4-4519-93C1-7CA93127057D} = {8426B8D6-12C6-4BB4-864F-9252D307C5E0}
		{860A17FC-6833-4B79-BFFC-258150A8FE86} = {2E6662A5-E79D-49CC-88F5-C9DFD8B69940}
		{734EA3EE-3802-46D6-8939-3D7A34F975C0} = {2E6662A5-E79D-49CC-88F5-C9DFD8B69940}
		{921547D8-F8D4-45E5-925F-1EED2029BCBF} = {2E6662A5-E79D-49CC-88F5-C9DFD8B69940}
	EndGlobalSection
	GlobalSection(ExtensibilityGlobals) = postSolution
		SolutionGuid = {9BE04874-44A5-4FF6-8F2E-AC8F2656F82F}
	EndGlobalSection
EndGlobal
